
Microsoft Visual Studio Solution File, Format Version 12.00
# Visual Studio Version 17
VisualStudioVersion = 17.0.31903.59
MinimumVisualStudioVersion = 10.0.40219.1
Project("{9A19103F-16F7-4668-BE54-9A1E7A4F7556}") = "Sql.Sample.Api", "Sql.Sample.Api.csproj", "{501982E6-FD74-4198-B1FB-7BCADECDD858}"
EndProject
Project("{9A19103F-16F7-4668-BE54-9A1E7A4F7556}") = "Ogu.Dal.Sql", "..\..\src\Ogu.Dal.Sql\Ogu.Dal.Sql.csproj", "{5CABA6BD-A6FC-48E8-BBEC-626135246929}"
EndProject
Project("{9A19103F-16F7-4668-BE54-9A1E7A4F7556}") = "Ogu.Dal.Abstractions", "..\..\src\Ogu.Dal.Abstractions\Ogu.Dal.Abstractions.csproj", "{1E977683-2CE6-4202-9F8F-DCB03D328224}"
EndProject
Global
	GlobalSection(SolutionConfigurationPlatforms) = preSolution
		Debug|Any CPU = Debug|Any CPU
		Release|Any CPU = Release|Any CPU
	EndGlobalSection
	GlobalSection(ProjectConfigurationPlatforms) = postSolution
		{501982E6-FD74-4198-B1FB-7BCADECDD858}.Debug|Any CPU.ActiveCfg = Debug|Any CPU
		{501982E6-FD74-4198-B1FB-7BCADECDD858}.Debug|Any CPU.Build.0 = Debug|Any CPU
		{501982E6-FD74-4198-B1FB-7BCADECDD858}.Release|Any CPU.ActiveCfg = Release|Any CPU
		{501982E6-FD74-4198-B1FB-7BCADECDD858}.Release|Any CPU.Build.0 = Release|Any CPU
		{5CABA6BD-A6FC-48E8-BBEC-626135246929}.Debug|Any CPU.ActiveCfg = Debug|Any CPU
		{5CABA6BD-A6FC-48E8-BBEC-626135246929}.Debug|Any CPU.Build.0 = Debug|Any CPU
		{5CABA6BD-A6FC-48E8-BBEC-626135246929}.Release|Any CPU.ActiveCfg = Release|Any CPU
		{5CABA6BD-A6FC-48E8-BBEC-626135246929}.Release|Any CPU.Build.0 = Release|Any CPU
		{1E977683-2CE6-4202-9F8F-DCB03D328224}.Debug|Any CPU.ActiveCfg = Debug|Any CPU
		{1E977683-2CE6-4202-9F8F-DCB03D328224}.Debug|Any CPU.Build.0 = Debug|Any CPU
		{1E977683-2CE6-4202-9F8F-DCB03D328224}.Release|Any CPU.ActiveCfg = Release|Any CPU
		{1E977683-2CE6-4202-9F8F-DCB03D328224}.Release|Any CPU.Build.0 = Release|Any CPU
	EndGlobalSection
	GlobalSection(SolutionProperties) = preSolution
		HideSolutionNode = FALSE
	EndGlobalSection
	GlobalSection(ExtensibilityGlobals) = postSolution
		SolutionGuid = {6E8AADCE-EB35-4FEA-9928-E9A06B82FB5F}
	EndGlobalSection
EndGlobal
